// !$*UTF8*$!
{
	archiveVersion = 1;
	classes = {
	};
	objectVersion = 51;
	objects = {

/* Begin PBXBuildFile section */
		80A80AD726FE14B80052B20A /* AppDelegate.swift in Sources */ = {isa = PBXBuildFile; fileRef = 80A80AD626FE14B80052B20A /* AppDelegate.swift */; };
		80A80AD926FE14B80052B20A /* SceneDelegate.swift in Sources */ = {isa = PBXBuildFile; fileRef = 80A80AD826FE14B80052B20A /* SceneDelegate.swift */; };
		80A80ADB26FE14B80052B20A /* ViewController.swift in Sources */ = {isa = PBXBuildFile; fileRef = 80A80ADA26FE14B80052B20A /* ViewController.swift */; };
		80A80ADE26FE14B80052B20A /* Main.storyboard in Resources */ = {isa = PBXBuildFile; fileRef = 80A80ADC26FE14B80052B20A /* Main.storyboard */; };
		80A80AE026FE14BC0052B20A /* Assets.xcassets in Resources */ = {isa = PBXBuildFile; fileRef = 80A80ADF26FE14BC0052B20A /* Assets.xcassets */; };
		80A80AE326FE14BC0052B20A /* LaunchScreen.storyboard in Resources */ = {isa = PBXBuildFile; fileRef = 80A80AE126FE14BC0052B20A /* LaunchScreen.storyboard */; };
		80F0D92F26FE312800433FA3 /* LandingVC.swift in Sources */ = {isa = PBXBuildFile; fileRef = 80F0D92E26FE312800433FA3 /* LandingVC.swift */; };
		80F0D93726FEE69F00433FA3 /* LoginViewModel.swift in Sources */ = {isa = PBXBuildFile; fileRef = 80F0D93626FEE69F00433FA3 /* LoginViewModel.swift */; };
		BF21B48C2F127A8A6AD03D61 /* Pods_NewDemo.framework in Frameworks */ = {isa = PBXBuildFile; fileRef = FA39D13F3F2A53510676D702 /* Pods_NewDemo.framework */; };
/* End PBXBuildFile section */

/* Begin PBXFileReference section */
		19C57C00F8C5064BCFA3D6F2 /* Pods-NewDemo.debug.xcconfig */ = {isa = PBXFileReference; includeInIndex = 1; lastKnownFileType = text.xcconfig; name = "Pods-NewDemo.debug.xcconfig"; path = "Target Support Files/Pods-NewDemo/Pods-NewDemo.debug.xcconfig"; sourceTree = "<group>"; };
		80A80AD326FE14B80052B20A /* NewDemo.app */ = {isa = PBXFileReference; explicitFileType = wrapper.application; includeInIndex = 0; path = NewDemo.app; sourceTree = BUILT_PRODUCTS_DIR; };
		80A80AD626FE14B80052B20A /* AppDelegate.swift */ = {isa = PBXFileReference; lastKnownFileType = sourcecode.swift; path = AppDelegate.swift; sourceTree = "<group>"; };
		80A80AD826FE14B80052B20A /* SceneDelegate.swift */ = {isa = PBXFileReference; lastKnownFileType = sourcecode.swift; path = SceneDelegate.swift; sourceTree = "<group>"; };
		80A80ADA26FE14B80052B20A /* ViewController.swift */ = {isa = PBXFileReference; lastKnownFileType = sourcecode.swift; path = ViewController.swift; sourceTree = "<group>"; };
		80A80ADD26FE14B80052B20A /* Base */ = {isa = PBXFileReference; lastKnownFileType = file.storyboard; name = Base; path = Base.lproj/Main.storyboard; sourceTree = "<group>"; };
		80A80ADF26FE14BC0052B20A /* Assets.xcassets */ = {isa = PBXFileReference; lastKnownFileType = folder.assetcatalog; path = Assets.xcassets; sourceTree = "<group>"; };
		80A80AE226FE14BC0052B20A /* Base */ = {isa = PBXFileReference; lastKnownFileType = file.storyboard; name = Base; path = Base.lproj/LaunchScreen.storyboard; sourceTree = "<group>"; };
		80A80AE426FE14BC0052B20A /* Info.plist */ = {isa = PBXFileReference; lastKnownFileType = text.plist.xml; path = Info.plist; sourceTree = "<group>"; };
		80F0D91426FE173100433FA3 /* RxCocoa.framework */ = {isa = PBXFileReference; explicitFileType = wrapper.framework; path = RxCocoa.framework; sourceTree = BUILT_PRODUCTS_DIR; };
		80F0D91526FE173100433FA3 /* RxRelay.framework */ = {isa = PBXFileReference; explicitFileType = wrapper.framework; path = RxRelay.framework; sourceTree = BUILT_PRODUCTS_DIR; };
		80F0D91626FE173100433FA3 /* RxSwift.framework */ = {isa = PBXFileReference; explicitFileType = wrapper.framework; path = RxSwift.framework; sourceTree = BUILT_PRODUCTS_DIR; };
		80F0D92E26FE312800433FA3 /* LandingVC.swift */ = {isa = PBXFileReference; lastKnownFileType = sourcecode.swift; path = LandingVC.swift; sourceTree = "<group>"; };
		80F0D93626FEE69F00433FA3 /* LoginViewModel.swift */ = {isa = PBXFileReference; lastKnownFileType = sourcecode.swift; path = LoginViewModel.swift; sourceTree = "<group>"; };
		FA39D13F3F2A53510676D702 /* Pods_NewDemo.framework */ = {isa = PBXFileReference; explicitFileType = wrapper.framework; includeInIndex = 0; path = Pods_NewDemo.framework; sourceTree = BUILT_PRODUCTS_DIR; };
		FAE0B3D288A7E7A39E16AE5B /* Pods-NewDemo.release.xcconfig */ = {isa = PBXFileReference; includeInIndex = 1; lastKnownFileType = text.xcconfig; name = "Pods-NewDemo.release.xcconfig"; path = "Target Support Files/Pods-NewDemo/Pods-NewDemo.release.xcconfig"; sourceTree = "<group>"; };
/* End PBXFileReference section */

/* Begin PBXFrameworksBuildPhase section */
		80A80AD026FE14B80052B20A /* Frameworks */ = {
			isa = PBXFrameworksBuildPhase;
			buildActionMask = 2147483647;
			files = (
				BF21B48C2F127A8A6AD03D61 /* Pods_NewDemo.framework in Frameworks */,
			);
			runOnlyForDeploymentPostprocessing = 0;
		};
/* End PBXFrameworksBuildPhase section */

/* Begin PBXGroup section */
		80A80ACA26FE14B80052B20A = {
			isa = PBXGroup;
			children = (
				80A80AD526FE14B80052B20A /* NewDemo */,
				80A80AD426FE14B80052B20A /* Products */,
				FF6E39D78EC28AA68BA5C02C /* Pods */,
				ABA5547D81D5ED483C59ABF8 /* Frameworks */,
			);
			sourceTree = "<group>";
		};
		80A80AD426FE14B80052B20A /* Products */ = {
			isa = PBXGroup;
			children = (
				80A80AD326FE14B80052B20A /* NewDemo.app */,
			);
			name = Products;
			sourceTree = "<group>";
		};
		80A80AD526FE14B80052B20A /* NewDemo */ = {
			isa = PBXGroup;
			children = (
				80A80AD626FE14B80052B20A /* AppDelegate.swift */,
				80A80AD826FE14B80052B20A /* SceneDelegate.swift */,
				80F0D93626FEE69F00433FA3 /* LoginViewModel.swift */,
				80A80ADA26FE14B80052B20A /* ViewController.swift */,
				80F0D92E26FE312800433FA3 /* LandingVC.swift */,
				80A80ADC26FE14B80052B20A /* Main.storyboard */,
				80A80ADF26FE14BC0052B20A /* Assets.xcassets */,
				80A80AE126FE14BC0052B20A /* LaunchScreen.storyboard */,
				80A80AE426FE14BC0052B20A /* Info.plist */,
			);
			path = NewDemo;
			sourceTree = "<group>";
		};
		ABA5547D81D5ED483C59ABF8 /* Frameworks */ = {
			isa = PBXGroup;
			children = (
				80F0D91426FE173100433FA3 /* RxCocoa.framework */,
				80F0D91526FE173100433FA3 /* RxRelay.framework */,
				80F0D91626FE173100433FA3 /* RxSwift.framework */,
				FA39D13F3F2A53510676D702 /* Pods_NewDemo.framework */,
			);
			name = Frameworks;
			sourceTree = "<group>";
		};
		FF6E39D78EC28AA68BA5C02C /* Pods */ = {
			isa = PBXGroup;
			children = (
				19C57C00F8C5064BCFA3D6F2 /* Pods-NewDemo.debug.xcconfig */,
				FAE0B3D288A7E7A39E16AE5B /* Pods-NewDemo.release.xcconfig */,
			);
			path = Pods;
			sourceTree = "<group>";
		};
/* End PBXGroup section */

/* Begin PBXNativeTarget section */
		80A80AD226FE14B80052B20A /* NewDemo */ = {
			isa = PBXNativeTarget;
			buildConfigurationList = 80A80AE726FE14BC0052B20A /* Build configuration list for PBXNativeTarget "NewDemo" */;
			buildPhases = (
				1A70DED36055C8919FA08C11 /* [CP] Check Pods Manifest.lock */,
				80A80ACF26FE14B80052B20A /* Sources */,
				80A80AD026FE14B80052B20A /* Frameworks */,
				80A80AD126FE14B80052B20A /* Resources */,
				A0B887F6B62C6B602B40111E /* [CP] Embed Pods Frameworks */,
			);
			buildRules = (
			);
			dependencies = (
			);
			name = NewDemo;
			productName = NewDemo;
			productReference = 80A80AD326FE14B80052B20A /* NewDemo.app */;
			productType = "com.apple.product-type.application";
		};
/* End PBXNativeTarget section */

/* Begin PBXProject section */
		80A80ACB26FE14B80052B20A /* Project object */ = {
			isa = PBXProject;
			attributes = {
				LastSwiftUpdateCheck = 1200;
				LastUpgradeCheck = 1200;
				TargetAttributes = {
					80A80AD226FE14B80052B20A = {
						CreatedOnToolsVersion = 12.0;
					};
				};
			};
			buildConfigurationList = 80A80ACE26FE14B80052B20A /* Build configuration list for PBXProject "NewDemo" */;
			compatibilityVersion = "Xcode 9.3";
			developmentRegion = en;
			hasScannedForEncodings = 0;
			knownRegions = (
				en,
				Base,
			);
			mainGroup = 80A80ACA26FE14B80052B20A;
			productRefGroup = 80A80AD426FE14B80052B20A /* Products */;
			projectDirPath = "";
			projectRoot = "";
			targets = (
				80A80AD226FE14B80052B20A /* NewDemo */,
			);
		};
/* End PBXProject section */

/* Begin PBXResourcesBuildPhase section */
		80A80AD126FE14B80052B20A /* Resources */ = {
			isa = PBXResourcesBuildPhase;
			buildActionMask = 2147483647;
			files = (
				80A80AE326FE14BC0052B20A /* LaunchScreen.storyboard in Resources */,
				80A80AE026FE14BC0052B20A /* Assets.xcassets in Resources */,
				80A80ADE26FE14B80052B20A /* Main.storyboard in Resources */,
			);
			runOnlyForDeploymentPostprocessing = 0;
		};
/* End PBXResourcesBuildPhase section */

/* Begin PBXShellScriptBuildPhase section */
		1A70DED36055C8919FA08C11 /* [CP] Check Pods Manifest.lock */ = {
			isa = PBXShellScriptBuildPhase;
			buildActionMask = 2147483647;
			files = (
			);
			inputFileListPaths = (
			);
			inputPaths = (
				"${PODS_PODFILE_DIR_PATH}/Podfile.lock",
				"${PODS_ROOT}/Manifest.lock",
			);
			name = "[CP] Check Pods Manifest.lock";
			outputFileListPaths = (
			);
			outputPaths = (
				"$(DERIVED_FILE_DIR)/Pods-NewDemo-checkManifestLockResult.txt",
			);
			runOnlyForDeploymentPostprocessing = 0;
			shellPath = /bin/sh;
			shellScript = "diff \"${PODS_PODFILE_DIR_PATH}/Podfile.lock\" \"${PODS_ROOT}/Manifest.lock\" > /dev/null\nif [ $? != 0 ] ; then\n    # print error to STDERR\n    echo \"error: The sandbox is not in sync with the Podfile.lock. Run 'pod install' or update your CocoaPods installation.\" >&2\n    exit 1\nfi\n# This output is used by Xcode 'outputs' to avoid re-running this script phase.\necho \"SUCCESS\" > \"${SCRIPT_OUTPUT_FILE_0}\"\n";
			showEnvVarsInLog = 0;
		};
		A0B887F6B62C6B602B40111E /* [CP] Embed Pods Frameworks */ = {
			isa = PBXShellScriptBuildPhase;
			buildActionMask = 2147483647;
			files = (
			);
			inputFileListPaths = (
				"${PODS_ROOT}/Target Support Files/Pods-NewDemo/Pods-NewDemo-frameworks-${CONFIGURATION}-input-files.xcfilelist",
			);
			name = "[CP] Embed Pods Frameworks";
			outputFileListPaths = (
				"${PODS_ROOT}/Target Support Files/Pods-NewDemo/Pods-NewDemo-frameworks-${CONFIGURATION}-output-files.xcfilelist",
			);
			runOnlyForDeploymentPostprocessing = 0;
			shellPath = /bin/sh;
			shellScript = "\"${PODS_ROOT}/Target Support Files/Pods-NewDemo/Pods-NewDemo-frameworks.sh\"\n";
			showEnvVarsInLog = 0;
		};
/* End PBXShellScriptBuildPhase section */

/* Begin PBXSourcesBuildPhase section */
		80A80ACF26FE14B80052B20A /* Sources */ = {
			isa = PBXSourcesBuildPhase;
			buildActionMask = 2147483647;
			files = (
				80F0D92F26FE312800433FA3 /* LandingVC.swift in Sources */,
				80A80ADB26FE14B80052B20A /* ViewController.swift in Sources */,
				80A80AD726FE14B80052B20A /* AppDelegate.swift in Sources */,
				80F0D93726FEE69F00433FA3 /* LoginViewModel.swift in Sources */,
				80A80AD926FE14B80052B20A /* SceneDelegate.swift in Sources */,
			);
			runOnlyForDeploymentPostprocessing = 0;
		};
/* End PBXSourcesBuildPhase section */

/* Begin PBXVariantGroup section */
		80A80ADC26FE14B80052B20A /* Main.storyboard */ = {
			isa = PBXVariantGroup;
			children = (
				80A80ADD26FE14B80052B20A /* Base */,
			);
			name = Main.storyboard;
			sourceTree = "<group>";
		};
		80A80AE126FE14BC0052B20A /* LaunchScreen.storyboard */ = {
			isa = PBXVariantGroup;
			children = (
				80A80AE226FE14BC0052B20A /* Base */,
			);
			name = LaunchScreen.storyboard;
			sourceTree = "<group>";
		};
/* End PBXVariantGroup section */

/* Begin XCBuildConfiguration section */
		80A80AE526FE14BC0052B20A /* Debug */ = {
			isa = XCBuildConfiguration;
			buildSettings = {
				ALWAYS_SEARCH_USER_PATHS = NO;
				CLANG_ANALYZER_NONNULL = YES;
				CLANG_ANALYZER_NUMBER_OBJECT_CONVERSION = YES_AGGRESSIVE;
				CLANG_CXX_LANGUAGE_STANDARD = "gnu++14";
				CLANG_CXX_LIBRARY = "libc++";
				CLANG_ENABLE_MODULES = YES;
				CLANG_ENABLE_OBJC_ARC = YES;
				CLANG_ENABLE_OBJC_WEAK = YES;
				CLANG_WARN_BLOCK_CAPTURE_AUTORELEASING = YES;
				CLANG_WARN_BOOL_CONVERSION = YES;
				CLANG_WARN_COMMA = YES;
				CLANG_WARN_CONSTANT_CONVERSION = YES;
				CLANG_WARN_DEPRECATED_OBJC_IMPLEMENTATIONS = YES;
				CLANG_WARN_DIRECT_OBJC_ISA_USAGE = YES_ERROR;
				CLANG_WARN_DOCUMENTATION_COMMENTS = YES;
				CLANG_WARN_EMPTY_BODY = YES;
				CLANG_WARN_ENUM_CONVERSION = YES;
				CLANG_WARN_INFINITE_RECURSION = YES;
				CLANG_WARN_INT_CONVERSION = YES;
				CLANG_WARN_NON_LITERAL_NULL_CONVERSION = YES;
				CLANG_WARN_OBJC_IMPLICIT_RETAIN_SELF = YES;
				CLANG_WARN_OBJC_LITERAL_CONVERSION = YES;
				CLANG_WARN_OBJC_ROOT_CLASS = YES_ERROR;
				CLANG_WARN_QUOTED_INCLUDE_IN_FRAMEWORK_HEADER = YES;
				CLANG_WARN_RANGE_LOOP_ANALYSIS = YES;
				CLANG_WARN_STRICT_PROTOTYPES = YES;
				CLANG_WARN_SUSPICIOUS_MOVE = YES;
				CLANG_WARN_UNGUARDED_AVAILABILITY = YES_AGGRESSIVE;
				CLANG_WARN_UNREACHABLE_CODE = YES;
				CLANG_WARN__DUPLICATE_METHOD_MATCH = YES;
				COPY_PHASE_STRIP = NO;
				DEBUG_INFORMATION_FORMAT = dwarf;
				ENABLE_STRICT_OBJC_MSGSEND = YES;
				ENABLE_TESTABILITY = YES;
				GCC_C_LANGUAGE_STANDARD = gnu11;
				GCC_DYNAMIC_NO_PIC = NO;
				GCC_NO_COMMON_BLOCKS = YES;
				GCC_OPTIMIZATION_LEVEL = 0;
				GCC_PREPROCESSOR_DEFINITIONS = (
					"DEBUG=1",
					"$(inherited)",
				);
				GCC_WARN_64_TO_32_BIT_CONVERSION = YES;
				GCC_WARN_ABOUT_RETURN_TYPE = YES_ERROR;
				GCC_WARN_UNDECLARED_SELECTOR = YES;
				GCC_WARN_UNINITIALIZED_AUTOS = YES_AGGRESSIVE;
				GCC_WARN_UNUSED_FUNCTION = YES;
				GCC_WARN_UNUSED_VARIABLE = YES;
				IPHONEOS_DEPLOYMENT_TARGET = 14.0;
				MTL_ENABLE_DEBUG_INFO = INCLUDE_SOURCE;
				MTL_FAST_MATH = YES;
				ONLY_ACTIVE_ARCH = YES;
				SDKROOT = iphoneos;
				SWIFT_ACTIVE_COMPILATION_CONDITIONS = DEBUG;
				SWIFT_OPTIMIZATION_LEVEL = "-Onone";
			};
			name = Debug;
		};
		80A80AE626FE14BC0052B20A /* Release */ = {
			isa = XCBuildConfiguration;
			buildSettings = {
				ALWAYS_SEARCH_USER_PATHS = NO;
				CLANG_ANALYZER_NONNULL = YES;
				CLANG_ANALYZER_NUMBER_OBJECT_CONVERSION = YES_AGGRESSIVE;
				CLANG_CXX_LANGUAGE_STANDARD = "gnu++14";
				CLANG_CXX_LIBRARY = "libc++";
				CLANG_ENABLE_MODULES = YES;
				CLANG_ENABLE_OBJC_ARC = YES;
				CLANG_ENABLE_OBJC_WEAK = YES;
				CLANG_WARN_BLOCK_CAPTURE_AUTORELEASING = YES;
				CLANG_WARN_BOOL_CONVERSION = YES;
				CLANG_WARN_COMMA = YES;
				CLANG_WARN_CONSTANT_CONVERSION = YES;
				CLANG_WARN_DEPRECATED_OBJC_IMPLEMENTATIONS = YES;
				CLANG_WARN_DIRECT_OBJC_ISA_USAGE = YES_ERROR;
				CLANG_WARN_DOCUMENTATION_COMMENTS = YES;
				CLANG_WARN_EMPTY_BODY = YES;
				CLANG_WARN_ENUM_CONVERSION = YES;
				CLANG_WARN_INFINITE_RECURSION = YES;
				CLANG_WARN_INT_CONVERSION = YES;
				CLANG_WARN_NON_LITERAL_NULL_CONVERSION = YES;
				CLANG_WARN_OBJC_IMPLICIT_RETAIN_SELF = YES;
				CLANG_WARN_OBJC_LITERAL_CONVERSION = YES;
				CLANG_WARN_OBJC_ROOT_CLASS = YES_ERROR;
				CLANG_WARN_QUOTED_INCLUDE_IN_FRAMEWORK_HEADER = YES;
				CLANG_WARN_RANGE_LOOP_ANALYSIS = YES;
				CLANG_WARN_STRICT_PROTOTYPES = YES;
				CLANG_WARN_SUSPICIOUS_MOVE = YES;
				CLANG_WARN_UNGUARDED_AVAILABILITY = YES_AGGRESSIVE;
				CLANG_WARN_UNREACHABLE_CODE = YES;
				CLANG_WARN__DUPLICATE_METHOD_MATCH = YES;
				COPY_PHASE_STRIP = NO;
				DEBUG_INFORMATION_FORMAT = "dwarf-with-dsym";
				ENABLE_NS_ASSERTIONS = NO;
				ENABLE_STRICT_OBJC_MSGSEND = YES;
				GCC_C_LANGUAGE_STANDARD = gnu11;
				GCC_NO_COMMON_BLOCKS = YES;
				GCC_WARN_64_TO_32_BIT_CONVERSION = YES;
				GCC_WARN_ABOUT_RETURN_TYPE = YES_ERROR;
				GCC_WARN_UNDECLARED_SELECTOR = YES;
				GCC_WARN_UNINITIALIZED_AUTOS = YES_AGGRESSIVE;
				GCC_WARN_UNUSED_FUNCTION = YES;
				GCC_WARN_UNUSED_VARIABLE = YES;
				IPHONEOS_DEPLOYMENT_TARGET = 14.0;
				MTL_ENABLE_DEBUG_INFO = NO;
				MTL_FAST_MATH = YES;
				SDKROOT = iphoneos;
				SWIFT_COMPILATION_MODE = wholemodule;
				SWIFT_OPTIMIZATION_LEVEL = "-O";
				VALIDATE_PRODUCT = YES;
			};
			name = Release;
		};
		80A80AE826FE14BC0052B20A /* Debug */ = {
			isa = XCBuildConfiguration;
			baseConfigurationReference = 19C57C00F8C5064BCFA3D6F2 /* Pods-NewDemo.debug.xcconfig */;
			buildSettings = {
				ASSETCATALOG_COMPILER_APPICON_NAME = AppIcon;
				ASSETCATALOG_COMPILER_GLOBAL_ACCENT_COLOR_NAME = AccentColor;
				CODE_SIGN_STYLE = Automatic;
				INFOPLIST_FILE = NewDemo/Info.plist;
				LD_RUNPATH_SEARCH_PATHS = (
					"$(inherited)",
					"@executable_path/Frameworks",
				);
				PRODUCT_BUNDLE_IDENTIFIER = com.vj.test.NewDemo;
				PRODUCT_NAME = "$(TARGET_NAME)";
				SWIFT_VERSION = 5.0;
				TARGETED_DEVICE_FAMILY = "1,2";
			};
			name = Debug;
		};
		80A80AE926FE14BC0052B20A /* Release */ = {
			isa = XCBuildConfiguration;
			baseConfigurationReference = FAE0B3D288A7E7A39E16AE5B /* Pods-NewDemo.release.xcconfig */;
			buildSettings = {
				ASSETCATALOG_COMPILER_APPICON_NAME = AppIcon;
				ASSETCATALOG_COMPILER_GLOBAL_ACCENT_COLOR_NAME = AccentColor;
				CODE_SIGN_STYLE = Automatic;
				INFOPLIST_FILE = NewDemo/Info.plist;
				LD_RUNPATH_SEARCH_PATHS = (
					"$(inherited)",
					"@executable_path/Frameworks",
				);
				PRODUCT_BUNDLE_IDENTIFIER = com.vj.test.NewDemo;
				PRODUCT_NAME = "$(TARGET_NAME)";
				SWIFT_VERSION = 5.0;
				TARGETED_DEVICE_FAMILY = "1,2";
			};
			name = Release;
		};
/* End XCBuildConfiguration section */

/* Begin XCConfigurationList section */
		80A80ACE26FE14B80052B20A /* Build configuration list for PBXProject "NewDemo" */ = {
			isa = XCConfigurationList;
			buildConfigurations = (
				80A80AE526FE14BC0052B20A /* Debug */,
				80A80AE626FE14BC0052B20A /* Release */,
			);
			defaultConfigurationIsVisible = 0;
			defaultConfigurationName = Release;
		};
		80A80AE726FE14BC0052B20A /* Build configuration list for PBXNativeTarget "NewDemo" */ = {
			isa = XCConfigurationList;
			buildConfigurations = (
				80A80AE826FE14BC0052B20A /* Debug */,
				80A80AE926FE14BC0052B20A /* Release */,
			);
			defaultConfigurationIsVisible = 0;
			defaultConfigurationName = Release;
		};
/* End XCConfigurationList section */
	};
	rootObject = 80A80ACB26FE14B80052B20A /* Project object */;
}
